#MicroXplorer Configuration settings - do not modify
Mcu.Family=STM32F0
ProjectManager.MainLocation=Core/Src
RCC.MCOFreq_Value=48000000
USB_DEVICE.CLASS_NAME_FS=CDC
RCC.USART1Freq_Value=48000000
I2C1.I2C_Speed_Mode=I2C_Standard
ProjectManager.KeepUserCode=true
Mcu.UserName=STM32F072CBUx
NVIC.USB_IRQn=true\:0\:0\:false\:false\:true\:false\:true
I2C1.GeneralCallMode=I2C_GENERALCALL_DISABLE
USB_DEVICE.INTERFACE_STRING_CDC_FS=CDC Interface
PA10.GPIO_PuPd=GPIO_PULLDOWN
RCC.PLLCLKFreq_Value=16000000
USB_DEVICE.PID_CDC_FS=22336
PB14.GPIO_Label=I_G0
I2C1.I2C_Rise_Time=0
PA0.GPIO_Label=LEDR
ProjectManager.functionlistsort=1-MX_GPIO_Init-GPIO-false-HAL-true,2-SystemClock_Config-RCC-false-HAL-false,3-MX_DAC_Init-DAC-false-HAL-true,4-MX_I2C1_Init-I2C1-false-HAL-true,5-MX_USB_DEVICE_Init-USB_DEVICE-false-HAL-false
PA9.GPIOParameters=GPIO_PuPd,GPIO_Label
PA11.Mode=Device
RCC.USART2Freq_Value=48000000
NVIC.SVC_IRQn=true\:0\:0\:false\:false\:true\:false\:false
USB.lpm_enable=DISABLE
PB15.Signal=GPIO_Output
PA2.GPIOParameters=GPIO_Label
PinOutPanel.RotationAngle=0
RCC.SYSCLKSource=RCC_SYSCLKSOURCE_HSI48
ProjectManager.StackSize=0x400
Mcu.IP4=SYS
RCC.FCLKCortexFreq_Value=48000000
Mcu.IP5=USB
USB_DEVICE.MANUFACTURER_STRING=STMicroelectronics
I2C1.IPParameters=I2C_Speed_Mode,Speed,I2C_Rise_Time,I2C_Fall_Time,I2C_Coeff_DF,Analog_Filter,NoStretchMode,GeneralCallMode,AddressingMode,DualAddressMode,OwnAddress
Mcu.IP2=NVIC
Mcu.IP3=RCC
Mcu.IP0=DAC
Mcu.IP1=I2C1
PA12.Signal=USB_DP
Mcu.UserConstants=
Mcu.ThirdPartyNb=0
USB_DEVICE.USBD_MAX_NUM_INTERFACES=1
RCC.HCLKFreq_Value=48000000
RCC.FLatency=FLASH_LATENCY_1
Mcu.IPNb=7
ProjectManager.PreviousToolchain=STM32CubeIDE
PB6.Signal=I2C1_SCL
PB6.Mode=I2C
I2C1.AddressingMode=I2C_ADDRESSINGMODE_7BIT
PA8.GPIOParameters=GPIO_PuPd,GPIO_Label
Mcu.Pin6=PB15
Mcu.Pin7=PA8
Mcu.Pin8=PA9
Mcu.Pin9=PA10
RCC.AHBFreq_Value=48000000
Mcu.Pin0=PA0
DAC.DAC_Trigger-DAC_OUT1=DAC_TRIGGER_NONE
Mcu.Pin1=PA1
GPIO.groupedBy=
Mcu.Pin2=PA2
Mcu.Pin3=PA4
Mcu.Pin4=PA5
Mcu.Pin5=PB14
ProjectManager.ProjectBuild=false
PA0.Locked=true
PA8.Locked=true
NVIC.SysTick_IRQn=true\:0\:0\:false\:false\:true\:false\:true
ProjectManager.FirmwarePackage=STM32Cube FW_F0 V1.11.1
MxDb.Version=DB.6.0.10
PA1.GPIOParameters=GPIO_Label
I2C1.NoStretchMode=I2C_NOSTRETCH_DISABLE
USB_DEVICE.USBD_SELF_POWERED=0
ProjectManager.BackupPrevious=false
PA14.Mode=Serial_Wire
File.Version=6
PA10.GPIO_Label=I_G2
PB7.Signal=I2C1_SDA
PA8.Signal=GPIO_Output
NVIC.PendSV_IRQn=true\:0\:0\:false\:false\:true\:false\:false
DAC.IPParameters=DAC_OutputBuffer-DAC_OUT1,DAC_Trigger-DAC_OUT1
ProjectManager.HalAssertFull=false
ProjectManager.ProjectName=uSMU_v7_pga281
PA0.Signal=GPIO_Output
RCC.PLLMCOFreq_Value=16000000
Mcu.Package=UFQFPN48
PB9.Signal=GPIO_Input
PB14.GPIO_PuPd=GPIO_PULLDOWN
PA5.Locked=true
PB15.GPIO_PuPd=GPIO_PULLDOWN
SH.COMP_DAC1_group.ConfNb=1
ProjectManager.ToolChainLocation=
PA2.GPIO_Label=LEDB
VP_SYS_VS_Systick.Signal=SYS_VS_Systick
PA10.Signal=GPIO_Output
VP_USB_DEVICE_VS_USB_DEVICE_CDC_FS.Signal=USB_DEVICE_VS_USB_DEVICE_CDC_FS
PA5.GPIOParameters=GPIO_Label
PB14.GPIOParameters=GPIO_PuPd,GPIO_Label
USB.DeviceSpeed=PCD_SPEED_FULL
RCC.CECFreq_Value=32786.88524590164
RCC.APB1TimFreq_Value=48000000
ProjectManager.CustomerFirmwarePackage=
PB15.Locked=true
USB_DEVICE.USBD_DEBUG_LEVEL=0
PA2.Locked=true
SH.COMP_DAC1_group.0=DAC_OUT1,DAC_OUT1
I2C1.Speed=100
RCC.I2SFreq_Value=48000000
ProjectManager.ProjectFileName=uSMU_v7_pga281.ioc
PB9.GPIO_Label=ADC_Alert
Mcu.PinsNb=19
ProjectManager.NoMain=false
USB_DEVICE.VirtualModeFS=Cdc_FS
I2C1.I2C_Fall_Time=0
PA9.GPIO_Label=I_G3
ProjectManager.DefaultFWLocation=true
USB.IPParameters=DeviceSpeed,phy_itface,low_power_enable,lpm_enable
ProjectManager.DeletePrevious=true
PB14.Locked=true
USB_DEVICE.IPParameters=VirtualMode,VirtualModeFS,CLASS_NAME_FS,USBD_MAX_NUM_INTERFACES,USBD_MAX_NUM_CONFIGURATION,USBD_MAX_STR_DESC_SIZ,USBD_SELF_POWERED,USBD_DEBUG_LEVEL,VID,LANGID_STRING,MANUFACTURER_STRING,PID_CDC_FS,PRODUCT_STRING_CDC_FS,CONFIGURATION_STRING_CDC_FS,INTERFACE_STRING_CDC_FS,APP_RX_DATA_SIZE,APP_TX_DATA_SIZE
PA9.GPIO_PuPd=GPIO_PULLDOWN
I2C1.Analog_Filter=I2C_ANALOGFILTER_ENABLE
RCC.FamilyName=M
PB9.GPIOParameters=GPIO_Label
I2C1.DualAddressMode=I2C_DUALADDRESS_DISABLE
PA13.Signal=SYS_SWDIO
PA8.GPIO_Label=I_G4
USB_DEVICE.VID=1155
ProjectManager.TargetToolchain=STM32CubeIDE
USB_DEVICE.PRODUCT_STRING_CDC_FS=STM32 Virtual ComPort
I2C1.I2C_Coeff_DF=0
VP_USB_DEVICE_VS_USB_DEVICE_CDC_FS.Mode=CDC_FS
PA9.Signal=GPIO_Output
PB9.Locked=true
USB_DEVICE.CONFIGURATION_STRING_CDC_FS=CDC Config
ProjectManager.RegisterCallBack=
PA1.Signal=GPIO_Output
PB14.Signal=GPIO_Output
PA5.Signal=GPIO_Output
USB_DEVICE.LANGID_STRING=1033
board=custom
ProjectManager.LastFirmware=false
USB.low_power_enable=DISABLE
RCC.VCOOutput2Freq_Value=8000000
MxCube.Version=6.1.1
PB15.GPIO_Label=I_G1
PA1.GPIO_Label=LEDG
PA10.GPIOParameters=GPIO_PuPd,GPIO_Label
VP_SYS_VS_Systick.Mode=SysTick
PA9.Locked=true
NVIC.NonMaskableInt_IRQn=true\:0\:0\:false\:false\:true\:false\:false
PB15.GPIOParameters=GPIO_PuPd,GPIO_Label
PA13.Mode=Serial_Wire
ProjectManager.FreePins=false
RCC.IPParameters=AHBFreq_Value,APB1Freq_Value,APB1TimFreq_Value,CECFreq_Value,FCLKCortexFreq_Value,FLatency,FamilyName,HCLKFreq_Value,HSICECFreq_Value,I2SFreq_Value,MCOFreq_Value,PLLCLKFreq_Value,PLLMCOFreq_Value,SYSCLKFreq_VALUE,SYSCLKSource,TimSysFreq_Value,USART1Freq_Value,USART2Freq_Value,VCOOutput2Freq_Value
ProjectManager.AskForMigrate=true
Mcu.Name=STM32F072C(8-B)Ux
PA2.Signal=GPIO_Output
ProjectManager.UnderRoot=true
I2C1.OwnAddress=0
RCC.HSICECFreq_Value=32786.88524590164
Mcu.IP6=USB_DEVICE
ProjectManager.CoupleFile=false
PA4.Signal=COMP_DAC1_group
RCC.SYSCLKFreq_VALUE=48000000
RCC.TimSysFreq_Value=48000000
PA1.Locked=true
PA12.Mode=Device
PA5.GPIO_Label=AMP_EN
PA10.Locked=true
NVIC.ForceEnableDMAVector=true
KeepUserPlacement=false
ProjectManager.CompilerOptimize=6
DAC.DAC_OutputBuffer-DAC_OUT1=DAC_OUTPUTBUFFER_ENABLE
PB7.Mode=I2C
PA11.Signal=USB_DM
USB_DEVICE.APP_TX_DATA_SIZE=1000
PA14.Signal=SYS_SWCLK
ProjectManager.HeapSize=0x200
PA0.GPIOParameters=GPIO_Label
Mcu.Pin15=PB7
NVIC.HardFault_IRQn=true\:0\:0\:false\:false\:true\:false\:false
Mcu.Pin16=PB9
Mcu.Pin13=PA14
Mcu.Pin14=PB6
USB_DEVICE.USBD_MAX_NUM_CONFIGURATION=1
ProjectManager.ComputerToolchain=false
Mcu.Pin17=VP_SYS_VS_Systick
PA8.GPIO_PuPd=GPIO_PULLDOWN
Mcu.Pin18=VP_USB_DEVICE_VS_USB_DEVICE_CDC_FS
Mcu.Pin11=PA12
Mcu.Pin12=PA13
Mcu.Pin10=PA11
USB.phy_itface=PCD_PHY_EMBEDDED
USB_DEVICE.APP_RX_DATA_SIZE=1000
RCC.APB1Freq_Value=48000000
USB_DEVICE.VirtualMode=Cdc
USB_DEVICE.USBD_MAX_STR_DESC_SIZ=512
ProjectManager.DeviceId=STM32F072CBUx
ProjectManager.LibraryCopy=1
